
Microsoft Visual Studio Solution File, Format Version 12.00
# Visual Studio Version 17
VisualStudioVersion = 17.5.002.0
MinimumVisualStudioVersion = 10.0.40219.1
Project("{9A19103F-16F7-4668-BE54-9A1E7A4F7556}") = "MCS", "MCS.csproj", "{57BB4EBC-E0BB-4716-A7C2-D06584906AAD}"
EndProject
Global
	GlobalSection(SolutionConfigurationPlatforms) = preSolution
		Debug|Any CPU = Debug|Any CPU
		Release|Any CPU = Release|Any CPU
	EndGlobalSection
	GlobalSection(ProjectConfigurationPlatforms) = postSolution
		{57BB4EBC-E0BB-4716-A7C2-D06584906AAD}.Debug|Any CPU.ActiveCfg = Debug|Any CPU
		{57BB4EBC-E0BB-4716-A7C2-D06584906AAD}.Debug|Any CPU.Build.0 = Debug|Any CPU
		{57BB4EBC-E0BB-4716-A7C2-D06584906AAD}.Release|Any CPU.ActiveCfg = Release|Any CPU
		{57BB4EBC-E0BB-4716-A7C2-D06584906AAD}.Release|Any CPU.Build.0 = Release|Any CPU
	EndGlobalSection
	GlobalSection(SolutionProperties) = preSolution
		HideSolutionNode = FALSE
	EndGlobalSection
	GlobalSection(ExtensibilityGlobals) = postSolution
		SolutionGuid = {C9498546-B856-43E4-BBEC-29FD9D1D9291}
	EndGlobalSection
EndGlobal
